
Microsoft Visual Studio Solution File, Format Version 12.00
# Visual Studio 14
VisualStudioVersion = 14.0.25420.1
MinimumVisualStudioVersion = 10.0.40219.1
Project("{FAE04EC0-301F-11D3-BF4B-00C04F79EFBC}") = "SmvGenerator", "ConsoleExeTime\SmvGenerator.csproj", "{AE53E367-9126-4CB3-926E-E6579C4421FD}"
EndProject
Project("{FAE04EC0-301F-11D3-BF4B-00C04F79EFBC}") = "Runner", "Runner\Runner.csproj", "{ED1E8CAC-EEB1-4EE4-AA6F-D540B5975C10}"
EndProject
Global
	GlobalSection(SolutionConfigurationPlatforms) = preSolution
		Debug|Any CPU = Debug|Any CPU
		Release|Any CPU = Release|Any CPU
	EndGlobalSection
	GlobalSection(ProjectConfigurationPlatforms) = postSolution
		{AE53E367-9126-4CB3-926E-E6579C4421FD}.Debug|Any CPU.ActiveCfg = Debug|Any CPU
		{AE53E367-9126-4CB3-926E-E6579C4421FD}.Debug|Any CPU.Build.0 = Debug|Any CPU
		{AE53E367-9126-4CB3-926E-E6579C4421FD}.Release|Any CPU.ActiveCfg = Release|Any CPU
		{AE53E367-9126-4CB3-926E-E6579C4421FD}.Release|Any CPU.Build.0 = Release|Any CPU
		{ED1E8CAC-EEB1-4EE4-AA6F-D540B5975C10}.Debug|Any CPU.ActiveCfg = Debug|Any CPU
		{ED1E8CAC-EEB1-4EE4-AA6F-D540B5975C10}.Debug|Any CPU.Build.0 = Debug|Any CPU
		{ED1E8CAC-EEB1-4EE4-AA6F-D540B5975C10}.Release|Any CPU.ActiveCfg = Release|Any CPU
		{ED1E8CAC-EEB1-4EE4-AA6F-D540B5975C10}.Release|Any CPU.Build.0 = Release|Any CPU
	EndGlobalSection
	GlobalSection(SolutionProperties) = preSolution
		HideSolutionNode = FALSE
	EndGlobalSection
EndGlobal
